
Microsoft Visual Studio Solution File, Format Version 12.00
# Visual Studio Version 17
VisualStudioVersion = 17.8.34525.116
MinimumVisualStudioVersion = 10.0.40219.1
Project("{FAE04EC0-301F-11D3-BF4B-00C04F79EFBC}") = "Entities", "Entities\Entities.csproj", "{883973C6-6CF5-4C44-8051-C83B18CAAA96}"
EndProject
Project("{FAE04EC0-301F-11D3-BF4B-00C04F79EFBC}") = "DataAccess", "DataAccess\DataAccess.csproj", "{A45E42B1-C62A-45C8-981F-3B20550CAF17}"
EndProject
Project("{FAE04EC0-301F-11D3-BF4B-00C04F79EFBC}") = "Business", "Business\Business.csproj", "{5A3F1F52-FB60-4569-994D-4BDAE584ADC0}"
EndProject
Project("{FAE04EC0-301F-11D3-BF4B-00C04F79EFBC}") = "WebAPI", "WebAPI\WebAPI.csproj", "{EF488CE4-8C29-47F1-BC3F-C4D21EE0BB7B}"
EndProject
Project("{FAE04EC0-301F-11D3-BF4B-00C04F79EFBC}") = "Core", "Core\Core.csproj", "{FCFD98DF-538E-4DFB-9957-BD04CE246B7B}"
EndProject
Global
	GlobalSection(SolutionConfigurationPlatforms) = preSolution
		Debug|Any CPU = Debug|Any CPU
		Release|Any CPU = Release|Any CPU
	EndGlobalSection
	GlobalSection(ProjectConfigurationPlatforms) = postSolution
		{883973C6-6CF5-4C44-8051-C83B18CAAA96}.Debug|Any CPU.ActiveCfg = Debug|Any CPU
		{883973C6-6CF5-4C44-8051-C83B18CAAA96}.Debug|Any CPU.Build.0 = Debug|Any CPU
		{883973C6-6CF5-4C44-8051-C83B18CAAA96}.Release|Any CPU.ActiveCfg = Release|Any CPU
		{883973C6-6CF5-4C44-8051-C83B18CAAA96}.Release|Any CPU.Build.0 = Release|Any CPU
		{A45E42B1-C62A-45C8-981F-3B20550CAF17}.Debug|Any CPU.ActiveCfg = Debug|Any CPU
		{A45E42B1-C62A-45C8-981F-3B20550CAF17}.Debug|Any CPU.Build.0 = Debug|Any CPU
		{A45E42B1-C62A-45C8-981F-3B20550CAF17}.Release|Any CPU.ActiveCfg = Release|Any CPU
		{A45E42B1-C62A-45C8-981F-3B20550CAF17}.Release|Any CPU.Build.0 = Release|Any CPU
		{5A3F1F52-FB60-4569-994D-4BDAE584ADC0}.Debug|Any CPU.ActiveCfg = Debug|Any CPU
		{5A3F1F52-FB60-4569-994D-4BDAE584ADC0}.Debug|Any CPU.Build.0 = Debug|Any CPU
		{5A3F1F52-FB60-4569-994D-4BDAE584ADC0}.Release|Any CPU.ActiveCfg = Release|Any CPU
		{5A3F1F52-FB60-4569-994D-4BDAE584ADC0}.Release|Any CPU.Build.0 = Release|Any CPU
		{EF488CE4-8C29-47F1-BC3F-C4D21EE0BB7B}.Debug|Any CPU.ActiveCfg = Debug|Any CPU
		{EF488CE4-8C29-47F1-BC3F-C4D21EE0BB7B}.Debug|Any CPU.Build.0 = Debug|Any CPU
		{EF488CE4-8C29-47F1-BC3F-C4D21EE0BB7B}.Release|Any CPU.ActiveCfg = Release|Any CPU
		{EF488CE4-8C29-47F1-BC3F-C4D21EE0BB7B}.Release|Any CPU.Build.0 = Release|Any CPU
		{FCFD98DF-538E-4DFB-9957-BD04CE246B7B}.Debug|Any CPU.ActiveCfg = Debug|Any CPU
		{FCFD98DF-538E-4DFB-9957-BD04CE246B7B}.Debug|Any CPU.Build.0 = Debug|Any CPU
		{FCFD98DF-538E-4DFB-9957-BD04CE246B7B}.Release|Any CPU.ActiveCfg = Release|Any CPU
		{FCFD98DF-538E-4DFB-9957-BD04CE246B7B}.Release|Any CPU.Build.0 = Release|Any CPU
	EndGlobalSection
	GlobalSection(SolutionProperties) = preSolution
		HideSolutionNode = FALSE
	EndGlobalSection
	GlobalSection(ExtensibilityGlobals) = postSolution
		SolutionGuid = {8B6DA18F-3AE2-40AC-B217-F330BEA5FC2E}
	EndGlobalSection
EndGlobal
